
Microsoft Visual Studio Solution File, Format Version 11.00
# Visual Studio 2010
Project("{8BC9CEB8-8B4A-11D0-8D11-00A0C91BC942}") = "Minami", "Minami\Minami.vcxproj", "{FADBD8D4-BC64-4231-B39F-541158EC9982}"
EndProject
Global
	GlobalSection(SolutionConfigurationPlatforms) = preSolution
		Debug|Win32 = Debug|Win32
		Release|Win32 = Release|Win32
	EndGlobalSection
	GlobalSection(ProjectConfigurationPlatforms) = postSolution
		{FADBD8D4-BC64-4231-B39F-541158EC9982}.Debug|Win32.ActiveCfg = Debug|Win32
		{FADBD8D4-BC64-4231-B39F-541158EC9982}.Debug|Win32.Build.0 = Debug|Win32
		{FADBD8D4-BC64-4231-B39F-541158EC9982}.Release|Win32.ActiveCfg = Release|Win32
		{FADBD8D4-BC64-4231-B39F-541158EC9982}.Release|Win32.Build.0 = Release|Win32
	EndGlobalSection
	GlobalSection(SolutionProperties) = preSolution
		HideSolutionNode = FALSE
	EndGlobalSection
EndGlobal
